// !$*UTF8*$!
{
	archiveVersion = 1;
	classes = {
	};
	objectVersion = 46;
	objects = {

/* Begin PBXBuildFile section */
		7F7E02E9174BB89100E5A427 /* UIKit.framework in Frameworks */ = {isa = PBXBuildFile; fileRef = 7F7E02E8174BB89100E5A427 /* UIKit.framework */; };
		7F7E02EB174BB89100E5A427 /* Foundation.framework in Frameworks */ = {isa = PBXBuildFile; fileRef = 7F7E02EA174BB89100E5A427 /* Foundation.framework */; };
		7F7E02ED174BB89100E5A427 /* CoreGraphics.framework in Frameworks */ = {isa = PBXBuildFile; fileRef = 7F7E02EC174BB89100E5A427 /* CoreGraphics.framework */; };
		7F7E02F3174BB89100E5A427 /* InfoPlist.strings in Resources */ = {isa = PBXBuildFile; fileRef = 7F7E02F1174BB89100E5A427 /* InfoPlist.strings */; };
		7F7E02F5174BB89100E5A427 /* main.m in Sources */ = {isa = PBXBuildFile; fileRef = 7F7E02F4174BB89100E5A427 /* main.m */; };
		7F7E02FB174BB89100E5A427 /* Default.png in Resources */ = {isa = PBXBuildFile; fileRef = 7F7E02FA174BB89100E5A427 /* Default.png */; };
		7F7E02FD174BB89100E5A427 /* Default@2x.png in Resources */ = {isa = PBXBuildFile; fileRef = 7F7E02FC174BB89100E5A427 /* Default@2x.png */; };
		7F7E02FF174BB89100E5A427 /* Default-568h@2x.png in Resources */ = {isa = PBXBuildFile; fileRef = 7F7E02FE174BB89100E5A427 /* Default-568h@2x.png */; };
		7F7E030B174BB8AE00E5A427 /* FRTAppDelegate.m in Sources */ = {isa = PBXBuildFile; fileRef = 7F7E0306174BB8AE00E5A427 /* FRTAppDelegate.m */; };
		7F7E030C174BB8AE00E5A427 /* FRTRefreshControl.m in Sources */ = {isa = PBXBuildFile; fileRef = 7F7E0308174BB8AE00E5A427 /* FRTRefreshControl.m */; };
		7F7E030D174BB8AE00E5A427 /* FRTViewController.m in Sources */ = {isa = PBXBuildFile; fileRef = 7F7E030A174BB8AE00E5A427 /* FRTViewController.m */; };
/* End PBXBuildFile section */

/* Begin PBXFileReference section */
		7F7E02E5174BB89100E5A427 /* Step2.app */ = {isa = PBXFileReference; explicitFileType = wrapper.application; includeInIndex = 0; path = Step2.app; sourceTree = BUILT_PRODUCTS_DIR; };
		7F7E02E8174BB89100E5A427 /* UIKit.framework */ = {isa = PBXFileReference; lastKnownFileType = wrapper.framework; name = UIKit.framework; path = System/Library/Frameworks/UIKit.framework; sourceTree = SDKROOT; };
		7F7E02EA174BB89100E5A427 /* Foundation.framework */ = {isa = PBXFileReference; lastKnownFileType = wrapper.framework; name = Foundation.framework; path = System/Library/Frameworks/Foundation.framework; sourceTree = SDKROOT; };
		7F7E02EC174BB89100E5A427 /* CoreGraphics.framework */ = {isa = PBXFileReference; lastKnownFileType = wrapper.framework; name = CoreGraphics.framework; path = System/Library/Frameworks/CoreGraphics.framework; sourceTree = SDKROOT; };
		7F7E02F0174BB89100E5A427 /* Step2-Info.plist */ = {isa = PBXFileReference; lastKnownFileType = text.plist.xml; path = "Step2-Info.plist"; sourceTree = "<group>"; };
		7F7E02F2174BB89100E5A427 /* en */ = {isa = PBXFileReference; lastKnownFileType = text.plist.strings; name = en; path = en.lproj/InfoPlist.strings; sourceTree = "<group>"; };
		7F7E02F4174BB89100E5A427 /* main.m */ = {isa = PBXFileReference; lastKnownFileType = sourcecode.c.objc; path = main.m; sourceTree = "<group>"; };
		7F7E02F6174BB89100E5A427 /* Step2-Prefix.pch */ = {isa = PBXFileReference; lastKnownFileType = sourcecode.c.h; path = "Step2-Prefix.pch"; sourceTree = "<group>"; };
		7F7E02FA174BB89100E5A427 /* Default.png */ = {isa = PBXFileReference; lastKnownFileType = image.png; path = Default.png; sourceTree = "<group>"; };
		7F7E02FC174BB89100E5A427 /* Default@2x.png */ = {isa = PBXFileReference; lastKnownFileType = image.png; path = "Default@2x.png"; sourceTree = "<group>"; };
		7F7E02FE174BB89100E5A427 /* Default-568h@2x.png */ = {isa = PBXFileReference; lastKnownFileType = image.png; path = "Default-568h@2x.png"; sourceTree = "<group>"; };
		7F7E0305174BB8AE00E5A427 /* FRTAppDelegate.h */ = {isa = PBXFileReference; fileEncoding = 4; lastKnownFileType = sourcecode.c.h; path = FRTAppDelegate.h; sourceTree = "<group>"; };
		7F7E0306174BB8AE00E5A427 /* FRTAppDelegate.m */ = {isa = PBXFileReference; fileEncoding = 4; lastKnownFileType = sourcecode.c.objc; path = FRTAppDelegate.m; sourceTree = "<group>"; };
		7F7E0307174BB8AE00E5A427 /* FRTRefreshControl.h */ = {isa = PBXFileReference; fileEncoding = 4; lastKnownFileType = sourcecode.c.h; path = FRTRefreshControl.h; sourceTree = "<group>"; };
		7F7E0308174BB8AE00E5A427 /* FRTRefreshControl.m */ = {isa = PBXFileReference; fileEncoding = 4; lastKnownFileType = sourcecode.c.objc; path = FRTRefreshControl.m; sourceTree = "<group>"; };
		7F7E0309174BB8AE00E5A427 /* FRTViewController.h */ = {isa = PBXFileReference; fileEncoding = 4; lastKnownFileType = sourcecode.c.h; path = FRTViewController.h; sourceTree = "<group>"; };
		7F7E030A174BB8AE00E5A427 /* FRTViewController.m */ = {isa = PBXFileReference; fileEncoding = 4; lastKnownFileType = sourcecode.c.objc; path = FRTViewController.m; sourceTree = "<group>"; };
/* End PBXFileReference section */

/* Begin PBXFrameworksBuildPhase section */
		7F7E02E2174BB89100E5A427 /* Frameworks */ = {
			isa = PBXFrameworksBuildPhase;
			buildActionMask = 2147483647;
			files = (
				7F7E02E9174BB89100E5A427 /* UIKit.framework in Frameworks */,
				7F7E02EB174BB89100E5A427 /* Foundation.framework in Frameworks */,
				7F7E02ED174BB89100E5A427 /* CoreGraphics.framework in Frameworks */,
			);
			runOnlyForDeploymentPostprocessing = 0;
		};
/* End PBXFrameworksBuildPhase section */

/* Begin PBXGroup section */
		7F7E02DC174BB89100E5A427 = {
			isa = PBXGroup;
			children = (
				7F7E02EE174BB89100E5A427 /* Step2 */,
				7F7E02E7174BB89100E5A427 /* Frameworks */,
				7F7E02E6174BB89100E5A427 /* Products */,
			);
			sourceTree = "<group>";
		};
		7F7E02E6174BB89100E5A427 /* Products */ = {
			isa = PBXGroup;
			children = (
				7F7E02E5174BB89100E5A427 /* Step2.app */,
			);
			name = Products;
			sourceTree = "<group>";
		};
		7F7E02E7174BB89100E5A427 /* Frameworks */ = {
			isa = PBXGroup;
			children = (
				7F7E02E8174BB89100E5A427 /* UIKit.framework */,
				7F7E02EA174BB89100E5A427 /* Foundation.framework */,
				7F7E02EC174BB89100E5A427 /* CoreGraphics.framework */,
			);
			name = Frameworks;
			sourceTree = "<group>";
		};
		7F7E02EE174BB89100E5A427 /* Step2 */ = {
			isa = PBXGroup;
			children = (
				7F7E0305174BB8AE00E5A427 /* FRTAppDelegate.h */,
				7F7E0306174BB8AE00E5A427 /* FRTAppDelegate.m */,
				7F7E0309174BB8AE00E5A427 /* FRTViewController.h */,
				7F7E030A174BB8AE00E5A427 /* FRTViewController.m */,
				7F7E0307174BB8AE00E5A427 /* FRTRefreshControl.h */,
				7F7E0308174BB8AE00E5A427 /* FRTRefreshControl.m */,
				7F7E02EF174BB89100E5A427 /* Supporting Files */,
			);
			path = Step2;
			sourceTree = "<group>";
		};
		7F7E02EF174BB89100E5A427 /* Supporting Files */ = {
			isa = PBXGroup;
			children = (
				7F7E02F0174BB89100E5A427 /* Step2-Info.plist */,
				7F7E02F1174BB89100E5A427 /* InfoPlist.strings */,
				7F7E02F4174BB89100E5A427 /* main.m */,
				7F7E02F6174BB89100E5A427 /* Step2-Prefix.pch */,
				7F7E02FA174BB89100E5A427 /* Default.png */,
				7F7E02FC174BB89100E5A427 /* Default@2x.png */,
				7F7E02FE174BB89100E5A427 /* Default-568h@2x.png */,
			);
			name = "Supporting Files";
			sourceTree = "<group>";
		};
/* End PBXGroup section */

/* Begin PBXNativeTarget section */
		7F7E02E4174BB89100E5A427 /* Step2 */ = {
			isa = PBXNativeTarget;
			buildConfigurationList = 7F7E0302174BB89100E5A427 /* Build configuration list for PBXNativeTarget "Step2" */;
			buildPhases = (
				7F7E02E1174BB89100E5A427 /* Sources */,
				7F7E02E2174BB89100E5A427 /* Frameworks */,
				7F7E02E3174BB89100E5A427 /* Resources */,
			);
			buildRules = (
			);
			dependencies = (
			);
			name = Step2;
			productName = Step2;
			productReference = 7F7E02E5174BB89100E5A427 /* Step2.app */;
			productType = "com.apple.product-type.application";
		};
/* End PBXNativeTarget section */

/* Begin PBXProject section */
		7F7E02DD174BB89100E5A427 /* Project object */ = {
			isa = PBXProject;
			attributes = {
				CLASSPREFIX = FRT;
				LastUpgradeCheck = 0460;
				ORGANIZATIONNAME = "Yosuke Ishikawa";
			};
			buildConfigurationList = 7F7E02E0174BB89100E5A427 /* Build configuration list for PBXProject "Step2" */;
			compatibilityVersion = "Xcode 3.2";
			developmentRegion = English;
			hasScannedForEncodings = 0;
			knownRegions = (
				en,
			);
			mainGroup = 7F7E02DC174BB89100E5A427;
			productRefGroup = 7F7E02E6174BB89100E5A427 /* Products */;
			projectDirPath = "";
			projectRoot = "";
			targets = (
				7F7E02E4174BB89100E5A427 /* Step2 */,
			);
		};
/* End PBXProject section */

/* Begin PBXResourcesBuildPhase section */
		7F7E02E3174BB89100E5A427 /* Resources */ = {
			isa = PBXResourcesBuildPhase;
			buildActionMask = 2147483647;
			files = (
				7F7E02F3174BB89100E5A427 /* InfoPlist.strings in Resources */,
				7F7E02FB174BB89100E5A427 /* Default.png in Resources */,
				7F7E02FD174BB89100E5A427 /* Default@2x.png in Resources */,
				7F7E02FF174BB89100E5A427 /* Default-568h@2x.png in Resources */,
			);
			runOnlyForDeploymentPostprocessing = 0;
		};
/* End PBXResourcesBuildPhase section */

/* Begin PBXSourcesBuildPhase section */
		7F7E02E1174BB89100E5A427 /* Sources */ = {
			isa = PBXSourcesBuildPhase;
			buildActionMask = 2147483647;
			files = (
				7F7E02F5174BB89100E5A427 /* main.m in Sources */,
				7F7E030B174BB8AE00E5A427 /* FRTAppDelegate.m in Sources */,
				7F7E030C174BB8AE00E5A427 /* FRTRefreshControl.m in Sources */,
				7F7E030D174BB8AE00E5A427 /* FRTViewController.m in Sources */,
			);
			runOnlyForDeploymentPostprocessing = 0;
		};
/* End PBXSourcesBuildPhase section */

/* Begin PBXVariantGroup section */
		7F7E02F1174BB89100E5A427 /* InfoPlist.strings */ = {
			isa = PBXVariantGroup;
			children = (
				7F7E02F2174BB89100E5A427 /* en */,
			);
			name = InfoPlist.strings;
			sourceTree = "<group>";
		};
/* End PBXVariantGroup section */

/* Begin XCBuildConfiguration section */
		7F7E0300174BB89100E5A427 /* Debug */ = {
			isa = XCBuildConfiguration;
			buildSettings = {
				ALWAYS_SEARCH_USER_PATHS = NO;
				CLANG_CXX_LANGUAGE_STANDARD = "gnu++0x";
				CLANG_CXX_LIBRARY = "libc++";
				CLANG_ENABLE_OBJC_ARC = YES;
				CLANG_WARN_CONSTANT_CONVERSION = YES;
				CLANG_WARN_EMPTY_BODY = YES;
				CLANG_WARN_ENUM_CONVERSION = YES;
				CLANG_WARN_INT_CONVERSION = YES;
				CLANG_WARN__DUPLICATE_METHOD_MATCH = YES;
				"CODE_SIGN_IDENTITY[sdk=iphoneos*]" = "iPhone Developer";
				COPY_PHASE_STRIP = NO;
				GCC_C_LANGUAGE_STANDARD = gnu99;
				GCC_DYNAMIC_NO_PIC = NO;
				GCC_OPTIMIZATION_LEVEL = 0;
				GCC_PREPROCESSOR_DEFINITIONS = (
					"DEBUG=1",
					"$(inherited)",
				);
				GCC_SYMBOLS_PRIVATE_EXTERN = NO;
				GCC_WARN_ABOUT_RETURN_TYPE = YES;
				GCC_WARN_UNINITIALIZED_AUTOS = YES;
				GCC_WARN_UNUSED_VARIABLE = YES;
				IPHONEOS_DEPLOYMENT_TARGET = 6.1;
				ONLY_ACTIVE_ARCH = YES;
				SDKROOT = iphoneos;
			};
			name = Debug;
		};
		7F7E0301174BB89100E5A427 /* Release */ = {
			isa = XCBuildConfiguration;
			buildSettings = {
				ALWAYS_SEARCH_USER_PATHS = NO;
				CLANG_CXX_LANGUAGE_STANDARD = "gnu++0x";
				CLANG_CXX_LIBRARY = "libc++";
				CLANG_ENABLE_OBJC_ARC = YES;
				CLANG_WARN_CONSTANT_CONVERSION = YES;
				CLANG_WARN_EMPTY_BODY = YES;
				CLANG_WARN_ENUM_CONVERSION = YES;
				CLANG_WARN_INT_CONVERSION = YES;
				CLANG_WARN__DUPLICATE_METHOD_MATCH = YES;
				"CODE_SIGN_IDENTITY[sdk=iphoneos*]" = "iPhone Developer";
				COPY_PHASE_STRIP = YES;
				GCC_C_LANGUAGE_STANDARD = gnu99;
				GCC_WARN_ABOUT_RETURN_TYPE = YES;
				GCC_WARN_UNINITIALIZED_AUTOS = YES;
				GCC_WARN_UNUSED_VARIABLE = YES;
				IPHONEOS_DEPLOYMENT_TARGET = 6.1;
				OTHER_CFLAGS = "-DNS_BLOCK_ASSERTIONS=1";
				SDKROOT = iphoneos;
				VALIDATE_PRODUCT = YES;
			};
			name = Release;
		};
		7F7E0303174BB89100E5A427 /* Debug */ = {
			isa = XCBuildConfiguration;
			buildSettings = {
				GCC_PRECOMPILE_PREFIX_HEADER = YES;
				GCC_PREFIX_HEADER = "Step2/Step2-Prefix.pch";
				INFOPLIST_FILE = "Step2/Step2-Info.plist";
				PRODUCT_NAME = "$(TARGET_NAME)";
				WRAPPER_EXTENSION = app;
			};
			name = Debug;
		};
		7F7E0304174BB89100E5A427 /* Release */ = {
			isa = XCBuildConfiguration;
			buildSettings = {
				GCC_PRECOMPILE_PREFIX_HEADER = YES;
				GCC_PREFIX_HEADER = "Step2/Step2-Prefix.pch";
				INFOPLIST_FILE = "Step2/Step2-Info.plist";
				PRODUCT_NAME = "$(TARGET_NAME)";
				WRAPPER_EXTENSION = app;
			};
			name = Release;
		};
/* End XCBuildConfiguration section */

/* Begin XCConfigurationList section */
		7F7E02E0174BB89100E5A427 /* Build configuration list for PBXProject "Step2" */ = {
			isa = XCConfigurationList;
			buildConfigurations = (
				7F7E0300174BB89100E5A427 /* Debug */,
				7F7E0301174BB89100E5A427 /* Release */,
			);
			defaultConfigurationIsVisible = 0;
			defaultConfigurationName = Release;
		};
		7F7E0302174BB89100E5A427 /* Build configuration list for PBXNativeTarget "Step2" */ = {
			isa = XCConfigurationList;
			buildConfigurations = (
				7F7E0303174BB89100E5A427 /* Debug */,
				7F7E0304174BB89100E5A427 /* Release */,
			);
			defaultConfigurationIsVisible = 0;
		};
/* End XCConfigurationList section */
	};
	rootObject = 7F7E02DD174BB89100E5A427 /* Project object */;
}
